schema: '2.0'
stages:
  preprocess:
    cmd: python src/data/work_dataset.py
    deps:
    - path: data/raw/life_expectancy_data.csv
      hash: md5
      md5: 5494c8bda501899c3985b137791a6e5b
      size: 339968
    - path: src/data/work_dataset.py
      hash: md5
      md5: 23aa10318e0ea357fcfbf77073643f10
      size: 2259
    params:
      config/parameters.yaml:
        base:
          random_state: 42
          test_size: 0.2
          val_size: 0.25
          root_project_dir: C:/ML_Labs/LB1_2_ML_Yakushev
        data:
          dataset_csv: data/raw/life_expectancy_data.csv
          target: Life expectancy
          new_dataset_path: 
            data/EDA_processed/life_expectancy_data_processed.csv
          dataset_x_path: data/EDA_processed/data_x.npy
          dataset_y_path: data/EDA_processed/data_y.npy
          train_path: data/EDA_processed/train_data.csv
          val_path: data/EDA_processed/val_data.csv
          test_path: data/EDA_processed/test_data.csv
    outs:
    - path: data/EDA_processed/data_x.npy
      hash: md5
      md5: 26a6c381927b75e7350f20ff72331813
      size: 171568
    - path: data/EDA_processed/data_y.npy
      hash: md5
      md5: dee3baa6b1367f1ade03852f67c618c8
      size: 17272
    - path: data/EDA_processed/life_expectancy_data_processed.csv
      hash: md5
      md5: 1308bd232306967f653efe075614ad80
      size: 367327
    - path: data/EDA_processed/test_data.csv
      hash: md5
      md5: 6ec91a80ed7c235671a8b049a9a75611
      size: 73750
    - path: data/EDA_processed/train_data.csv
      hash: md5
      md5: 61697d5253496a4884975711c7813d2b
      size: 220352
  LinearRegression:
    cmd: python src/models/LinearRegression.py
    deps:
    - path: data/EDA_processed/train_data.csv
      hash: md5
      md5: 61697d5253496a4884975711c7813d2b
      size: 220352
    - path: src/models/LinearRegression.py
      hash: md5
      md5: f4df42fb62c9e4bd50a80e6c866b24ba
      size: 1736
    params:
      config/parameters.yaml:
        base:
          random_state: 42
          test_size: 0.2
          val_size: 0.25
          root_project_dir: C:/ML_Labs/LB1_2_ML_Yakushev
        models.LinearRegression:
          fit_intercept: true
          positive: false
          tol: 8.691979324081625e-07
    outs:
    - path: models/LinearRegression.pkl
      hash: md5
      md5: ffb38469a8f554b07fb8fa435b57c802
      size: 1081
    - path: reports/LinearRegression_coeff.json
      hash: md5
      md5: 16b669fd357b43318ca166e959396d2a
      size: 370
    - path: reports/images/LinearRegression_coefficients.png
      hash: md5
      md5: 57438280782d9461219bc2346496ca92
      size: 19125
  DecisionTree:
    cmd: python src/models/DecisionTree.py
    deps:
    - path: data/EDA_processed/train_data.csv
      hash: md5
      md5: 61697d5253496a4884975711c7813d2b
      size: 220352
    - path: src/models/DecisionTree.py
      hash: md5
      md5: beced8dd49950f44394b519b4d09a745
      size: 1206
    params:
      config/parameters.yaml:
        base:
          random_state: 42
          test_size: 0.2
          val_size: 0.25
          root_project_dir: C:/ML_Labs/LB1_2_ML_Yakushev
        models.DecisionTree:
          random_state: 42
          max_depth: 46
          min_samples_split: 3
          min_samples_leaf: 2
          max_features: 11
          ccp_alpha: 1.6148807499211317e-06
          criterion: friedman_mse
          splitter: random
    outs:
    - path: models/DecisionTree.pkl
      hash: md5
      md5: 48c71844f319de259151fe762dc57d1e
      size: 35857
    - path: reports/images/DecisionTree_structure.png
      hash: md5
      md5: 6c403478ead45c78faf6301f54f6424c
      size: 258747
  CatBoost:
    cmd: python src/models/CatBoost.py
    deps:
    - path: data/EDA_processed/train_data.csv
      hash: md5
      md5: 61697d5253496a4884975711c7813d2b
      size: 220352
    - path: src/models/CatBoost.py
      hash: md5
      md5: da7f7f1e69bf0edd9b275c7601aefae9
      size: 1182
    params:
      config/parameters.yaml:
        base:
          random_state: 42
          test_size: 0.2
          val_size: 0.25
          root_project_dir: C:/ML_Labs/LB1_2_ML_Yakushev
        models.CatBoost:
          iterations: 775
          learning_rate: 0.03251619490857449
          depth: 10
          loss_function: RMSE
          grow_policy: Lossguide
    outs:
    - path: models/CatBoost.cbm
      hash: md5
      md5: 9464700f9c0f65e1847242458f39cddb
      size: 1029688
    - path: reports/images/CatBoost_feature_importance.png
      hash: md5
      md5: aed29f4bc56487f057ac8811fd26535e
      size: 7365
  XGBoost:
    cmd: python src/models/XGBoost.py
    deps:
    - path: data/EDA_processed/train_data.csv
      hash: md5
      md5: 61697d5253496a4884975711c7813d2b
      size: 220352
    - path: src/models/XGBoost.py
      hash: md5
      md5: 6e34038e94f7de8e17dbdcd35e357601
      size: 1171
    params:
      config/parameters.yaml:
        base:
          random_state: 42
          test_size: 0.2
          val_size: 0.25
          root_project_dir: C:/ML_Labs/LB1_2_ML_Yakushev
        models.XGBoost:
          n_estimators: 610
          max_depth: 14
          learning_rate: 0.060040896394708304
          min_child_weight: 15
    outs:
    - path: models/XGBoost.json
      hash: md5
      md5: 7c5c1a7f43a29ba5c9f977b11439d8af
      size: 2932100
    - path: reports/images/XGBoost_feature_importance.png
      hash: md5
      md5: c7d67b89eb56c10f47da444a2942eceb
      size: 8791
  DenseNeuralNetwork:
    cmd: python src/models/DenseNeuralNetwork.py
    deps:
    - path: data/EDA_processed/train_data.csv
      hash: md5
      md5: 61697d5253496a4884975711c7813d2b
      size: 220352
    - path: src/models/DenseNeuralNetwork.py
      hash: md5
      md5: e6f4fa682fdf2861261268afa2b6bcea
      size: 5324
    params:
      config/parameters.yaml:
        base:
          random_state: 42
          test_size: 0.2
          val_size: 0.25
          root_project_dir: C:/ML_Labs/LB1_2_ML_Yakushev
        models.DenseNeuralNetwork:
          dataset_params:
            validation_split: 0.2
            random_state: 42
          model_params:
            dropout_rate: 0.0038113471432177325
            n_layers: 5
            preout_neurons: 32
            learning_rate: 0.004761536180063235
            activation: relu
          train_params:
            epochs: 90
            verbose: 1
    outs:
    - path: models/DenseNeuralNetwork.keras
      hash: md5
      md5: 7d1ca3a57e3d64ace98604a878993849
      size: 568961
    - path: reports/images/DenseNeuralNetwork_loss_curve.png
      hash: md5
      md5: dbd514f422cd7b700c7a6dcc0e643ff1
      size: 26892
    - path: reports/images/DenseNeuralNetwork_model_graph.png
      hash: md5
      md5: 2039f703afc94ff9fd8364875aeae753
      size: 581263
    - path: reports/images/DenseNeuralNetwork_weights_layer_1.png
      hash: md5
      md5: 6ca6e13c2b71ef4dc14e3ef68b217293
      size: 18489
    - path: reports/images/DenseNeuralNetwork_weights_layer_2.png
      hash: md5
      md5: 49efbad18ee2291bb3b46feb1160186b
      size: 20129
    - path: reports/images/DenseNeuralNetwork_weights_layer_3.png
      hash: md5
      md5: 08b8d592d0bdbe425d51328c1c877122
      size: 18399
    - path: reports/images/DenseNeuralNetwork_weights_layer_4.png
      hash: md5
      md5: 1adbe9bb6ac968a738a5ab854bc70656
      size: 19609
  test_LinearRegression:
    cmd: python src/test_models/test_LR.py
    deps:
    - path: data/EDA_processed/test_data.csv
      hash: md5
      md5: 6ec91a80ed7c235671a8b049a9a75611
      size: 73750
    - path: models/LinearRegression.pkl
      hash: md5
      md5: ffb38469a8f554b07fb8fa435b57c802
      size: 1081
    - path: src/test_models/test_LR.py
      hash: md5
      md5: 7cb8368bb1221bf18da36620d1294d68
      size: 2928
    params:
      config/parameters.yaml:
        base:
          random_state: 42
          test_size: 0.2
          val_size: 0.25
          root_project_dir: C:/ML_Labs/LB1_2_ML_Yakushev
        models.LinearRegression:
          fit_intercept: true
          positive: false
          tol: 8.691979324081625e-07
    outs:
    - path: dvclive/LinearRegression/metrics.json
      hash: md5
      md5: 5e976056aedec92873302dff89522cc3
      size: 498
    - path: dvclive/LinearRegression/plots
      hash: md5
      md5: d1eb039d0d238d21cfbbcd60913548bc.dir
      size: 379
      nfiles: 12
  test_DecisionTree:
    cmd: python src/test_models/test_DT.py
    deps:
    - path: data/EDA_processed/test_data.csv
      hash: md5
      md5: 6ec91a80ed7c235671a8b049a9a75611
      size: 73750
    - path: models/DecisionTree.pkl
      hash: md5
      md5: 48c71844f319de259151fe762dc57d1e
      size: 35857
    - path: src/test_models/test_DT.py
      hash: md5
      md5: a8fdf408a11ca39795e15c1838957d90
      size: 2848
    params:
      config/parameters.yaml:
        base:
          random_state: 42
          test_size: 0.2
          val_size: 0.25
          root_project_dir: C:/ML_Labs/LB1_2_ML_Yakushev
        models.DecisionTree:
          random_state: 42
          max_depth: 46
          min_samples_split: 3
          min_samples_leaf: 2
          max_features: 11
          ccp_alpha: 1.6148807499211317e-06
          criterion: friedman_mse
          splitter: random
    outs:
    - path: dvclive/DecisionTree/metrics.json
      hash: md5
      md5: f1c6f0e2e84b4f30445daa674db291d3
      size: 499
    - path: dvclive/DecisionTree/plots
      hash: md5
      md5: 6040db1b0c5db69b888d6982ddfdcfc4.dir
      size: 380
      nfiles: 12
  test_CatBoost:
    cmd: python src/test_models/test_CB.py
    deps:
    - path: data/EDA_processed/test_data.csv
      hash: md5
      md5: 6ec91a80ed7c235671a8b049a9a75611
      size: 73750
    - path: models/CatBoost.cbm
      hash: md5
      md5: 9464700f9c0f65e1847242458f39cddb
      size: 1029688
    - path: src/test_models/test_CB.py
      hash: md5
      md5: 31299babf04295183b13f3055367482e
      size: 2953
    params:
      config/parameters.yaml:
        base:
          random_state: 42
          test_size: 0.2
          val_size: 0.25
          root_project_dir: C:/ML_Labs/LB1_2_ML_Yakushev
        models.CatBoost:
          iterations: 775
          learning_rate: 0.03251619490857449
          depth: 10
          loss_function: RMSE
          grow_policy: Lossguide
    outs:
    - path: dvclive/CatBoost/metrics.json
      hash: md5
      md5: 0fca4a608337d33113288bf651f58fcf
      size: 502
    - path: dvclive/CatBoost/plots
      hash: md5
      md5: 209cfee6596d56ed5ac729726009f61a.dir
      size: 383
      nfiles: 12
  test_XGBoost:
    cmd: python src/test_models/test_XGB.py
    deps:
    - path: data/EDA_processed/test_data.csv
      hash: md5
      md5: 6ec91a80ed7c235671a8b049a9a75611
      size: 73750
    - path: models/XGBoost.json
      hash: md5
      md5: 7c5c1a7f43a29ba5c9f977b11439d8af
      size: 2932100
    - path: src/test_models/test_XGB.py
      hash: md5
      md5: ceed2227b946d5985d2cc6d1187bfe89
      size: 2940
    params:
      config/parameters.yaml:
        base:
          random_state: 42
          test_size: 0.2
          val_size: 0.25
          root_project_dir: C:/ML_Labs/LB1_2_ML_Yakushev
        models.XGBoost:
          n_estimators: 610
          max_depth: 14
          learning_rate: 0.060040896394708304
          min_child_weight: 15
    outs:
    - path: dvclive/XGBoost/metrics.json
      hash: md5
      md5: d839f6aead0530fdf1c31402e69f16e9
      size: 504
    - path: dvclive/XGBoost/plots
      hash: md5
      md5: 82b40ed8841fad9576871a59a82f01e2.dir
      size: 385
      nfiles: 12
  test_DenseNeuralNetwork:
    cmd: python src/test_models/test_DNN.py
    deps:
    - path: data/EDA_processed/test_data.csv
      hash: md5
      md5: 6ec91a80ed7c235671a8b049a9a75611
      size: 73750
    - path: models/DenseNeuralNetwork.keras
      hash: md5
      md5: 7d1ca3a57e3d64ace98604a878993849
      size: 568961
    - path: src/test_models/test_DNN.py
      hash: md5
      md5: e532587e55df7a9bdecc9f9844a209e8
      size: 2985
    params:
      config/parameters.yaml:
        base:
          random_state: 42
          test_size: 0.2
          val_size: 0.25
          root_project_dir: C:/ML_Labs/LB1_2_ML_Yakushev
        models.DenseNeuralNetwork:
          dataset_params:
            validation_split: 0.2
            random_state: 42
          model_params:
            dropout_rate: 0.0038113471432177325
            n_layers: 5
            preout_neurons: 32
            learning_rate: 0.004761536180063235
            activation: relu
          train_params:
            epochs: 90
            verbose: 1
    outs:
    - path: dvclive/DenseNeuralNetwork/metrics.json
      hash: md5
      md5: 0d2ce41b3c468329b70aea649ae43eb0
      size: 500
    - path: dvclive/DenseNeuralNetwork/plots
      hash: md5
      md5: e135151c5873eee9369f65669896752e.dir
      size: 381
      nfiles: 12
