schema: '2.0'
stages:
  preprocess:
    cmd: python src/data/work_dataset.py
    deps:
    - path: data/raw/life_expectancy_data.csv
      hash: md5
      md5: 5494c8bda501899c3985b137791a6e5b
      size: 339968
    - path: src/data/work_dataset.py
      hash: md5
      md5: 269ebad96586a7bc64e83ed82fab62c0
      size: 2058
    params:
      config/parameters.yaml:
        base:
          random_state: 42
          test_size: 0.2
          root_project_dir: C:/ML_Labs/LB1_2_ML_Yakushev
        data:
          dataset_csv: data/raw/life_expectancy_data.csv
          target: Life expectancy
          new_dataset_path: 
            data/EDA_processed/life_expectancy_data_processed.csv
          dataset_x_path: data/EDA_processed/data_x.npy
          dataset_y_path: data/EDA_processed/data_y.npy
          train_path: data/EDA_processed/train_data.csv
          test_path: data/EDA_processed/test_data.csv
    outs:
    - path: data/EDA_processed/data_x.npy
      hash: md5
      md5: 26a6c381927b75e7350f20ff72331813
      size: 171568
    - path: data/EDA_processed/data_y.npy
      hash: md5
      md5: 0bbe4f34b10afcd108432fd5c90a7c92
      size: 17272
    - path: data/EDA_processed/life_expectancy_data_processed.csv
      hash: md5
      md5: 1308bd232306967f653efe075614ad80
      size: 367327
    - path: data/EDA_processed/test_data.csv
      hash: md5
      md5: 6ec91a80ed7c235671a8b049a9a75611
      size: 73750
    - path: data/EDA_processed/train_data.csv
      hash: md5
      md5: 13f35636f19057ec0facbdbd7b602c85
      size: 293689
  LinearRegression:
    cmd: python src/models/LinearRegression.py
    deps:
    - path: data/EDA_processed/train_data.csv
      hash: md5
      md5: 13f35636f19057ec0facbdbd7b602c85
      size: 293689
    - path: src/models/LinearRegression.py
      hash: md5
      md5: a8c0ed18a0d26a42cc31e03423875bc5
      size: 1686
    params:
      config/parameters.yaml:
        base:
          random_state: 42
          test_size: 0.2
          root_project_dir: C:/ML_Labs/LB1_2_ML_Yakushev
        models.LinearRegression:
          fit_intercept: true
          positive: false
          copy_X: true
          n_jobs: 3
    outs:
    - path: models/LinearRegression.pkl
      hash: md5
      md5: b8ba7935341b279923002d5f60b323de
      size: 1081
    - path: reports/LinearRegression_coeff.json
      hash: md5
      md5: b16df3d7eb20a1298d8385c713235816
      size: 372
    - path: reports/images/LinearRegression_coefficients.png
      hash: md5
      md5: 01a1b1e64fc5c206ef33f6bd9ed11450
      size: 19108
  DecisionTree:
    cmd: python src/models/DecisionTree.py
    deps:
    - path: data/EDA_processed/train_data.csv
      hash: md5
      md5: 13f35636f19057ec0facbdbd7b602c85
      size: 293689
    - path: src/models/DecisionTree.py
      hash: md5
      md5: 82100a0eaf8c24b910cb1a0a353634b9
      size: 1129
    params:
      config/parameters.yaml:
        base:
          random_state: 42
          test_size: 0.2
          root_project_dir: C:/ML_Labs/LB1_2_ML_Yakushev
        models.DecisionTree:
          random_state: 42
          max_depth: 9
          min_samples_split: 14
          min_samples_leaf: 15
          max_features:
          ccp_alpha: 0.00037332848919694817
          criterion: squared_error
          splitter: best
    outs:
    - path: models/DecisionTree.pkl
      hash: md5
      md5: 183a23c0550182d83ed45ba0f3a9615c
      size: 2305
    - path: reports/images/DecisionTree_structure.png
      hash: md5
      md5: efa578510359a0a76dcc78d16cf82a34
      size: 492090
  CatBoost:
    cmd: python src/models/CatBoost.py
    deps:
    - path: data/EDA_processed/train_data.csv
      hash: md5
      md5: 13f35636f19057ec0facbdbd7b602c85
      size: 293689
    - path: src/models/CatBoost.py
      hash: md5
      md5: 1e1bc3ef4aabb65e035240cdd2ea33e6
      size: 1152
    params:
      config/parameters.yaml:
        base:
          random_state: 42
          test_size: 0.2
          root_project_dir: C:/ML_Labs/LB1_2_ML_Yakushev
        models.CatBoost:
          iterations: 800
          learning_rate: 0.04022222885366608
          depth: 6
          l2_leaf_reg: 0.000216797464861736
          border_count: 121
          random_strength: 0.26101610828931443
          bagging_temperature: 0.11999753068566878
          grow_policy: Depthwise
    outs:
    - path: models/CatBoost.cbm
      hash: md5
      md5: abe8319f353280806f224b62e2407fac
      size: 1956888
    - path: reports/images/CatBoost_feature_importance.png
      hash: md5
      md5: 20f77385efce507459423121d0d4e874
      size: 7366
  XGBoost:
    cmd: python src/models/XGBoost.py
    deps:
    - path: data/EDA_processed/train_data.csv
      hash: md5
      md5: 13f35636f19057ec0facbdbd7b602c85
      size: 293689
    - path: src/models/XGBoost.py
      hash: md5
      md5: dd6fd2ff30012261bdd8bca3ef48db6f
      size: 1099
    params:
      config/parameters.yaml:
        base:
          random_state: 42
          test_size: 0.2
          root_project_dir: C:/ML_Labs/LB1_2_ML_Yakushev
        models.XGBoost:
          n_estimators: 950
          max_depth: 8
          learning_rate: 0.02254870392405559
          subsample: 0.7747887415078325
          colsample_bytree: 0.5684164328843179
          gamma: 4.4817944170608675e-05
          reg_alpha: 0.0023332773853300052
          reg_lambda: 0.0003025171812085329
          min_child_weight: 7
    outs:
    - path: models/XGBoost.json
      hash: md5
      md5: f9042498d7ae61c319d9caa6bac31cbc
      size: 4842795
    - path: reports/images/XGBoost_feature_importance.png
      hash: md5
      md5: dbbca0920d6f587a044b0929980cde4e
      size: 6557
  DenseNeuralNetwork:
    cmd: python src/models/DenseNeuralNetwork.py
    deps:
    - path: data/EDA_processed/train_data.csv
      hash: md5
      md5: 13f35636f19057ec0facbdbd7b602c85
      size: 293689
    - path: src/models/DenseNeuralNetwork.py
      hash: md5
      md5: 45e9b26e84856805276fa011e7da827a
      size: 5421
    params:
      config/parameters.yaml:
        base:
          random_state: 42
          test_size: 0.2
          root_project_dir: C:/ML_Labs/LB1_2_ML_Yakushev
        models.DenseNeuralNetwork:
          dataset_params:
            validation_split: 0.2
            random_state: 42
          model_params:
            dropout_rate: 0.0012244354030556855
            n_layers: 4
            units: 256
            preout_neurons: 14
            learning_rate: 0.0023838948926790528
            activation: tanh
            batch_size: 16
          train_params:
            epochs: 50
            verbose: 1
    outs:
    - path: models/DenseNeuralNetwork.keras
      hash: md5
      md5: 8ba7314c8ff8d2c2e2b96cce890f51c1
      size: 115485
    - path: reports/images/DenseNeuralNetwork_loss_curve.png
      hash: md5
      md5: 5447cb3c0f9a6c7a0a091fb5646d5884
      size: 21976
    - path: reports/images/DenseNeuralNetwork_model_graph.png
      hash: md5
      md5: 4811c3a6c0d0faae349ce8a0f598fa34
      size: 680756
    - path: reports/images/DenseNeuralNetwork_weights_layer_1.png
      hash: md5
      md5: be6337575f3fb9b5c5ea3f573f9e2844
      size: 17515
    - path: reports/images/DenseNeuralNetwork_weights_layer_2.png
      hash: md5
      md5: 3ca3346cd9fd68f035e020117fcdc1e1
      size: 17218
    - path: reports/images/DenseNeuralNetwork_weights_layer_3.png
      hash: md5
      md5: 09fae4319b64a0cac937a679b455d96b
      size: 16573
    - path: reports/images/DenseNeuralNetwork_weights_layer_4.png
      hash: md5
      md5: 3a635ee2e288e82f427d1daa6bf85792
      size: 16019
  test_LinearRegression:
    cmd: python src/test_models/test_LR.py
    deps:
    - path: data/EDA_processed/test_data.csv
      hash: md5
      md5: 6ec91a80ed7c235671a8b049a9a75611
      size: 73750
    - path: models/LinearRegression.pkl
      hash: md5
      md5: b8ba7935341b279923002d5f60b323de
      size: 1081
    - path: src/test_models/test_LR.py
      hash: md5
      md5: 30d273268d108c159887dea588745e74
      size: 1906
    params:
      config/parameters.yaml:
        base:
          random_state: 42
          test_size: 0.2
          root_project_dir: C:/ML_Labs/LB1_2_ML_Yakushev
        models.LinearRegression:
          fit_intercept: true
          positive: false
          copy_X: true
          n_jobs: 3
    outs:
    - path: dvclive/LinearRegression/metrics.json
      hash: md5
      md5: a8d0b1659e236c73ec67a935e6c07721
      size: 170
    - path: dvclive/LinearRegression/plots
      hash: md5
      md5: 696701e26421d954f89550d11e746abc.dir
      size: 127
      nfiles: 4
  test_DecisionTree:
    cmd: python src/test_models/test_DT.py
    deps:
    - path: data/EDA_processed/test_data.csv
      hash: md5
      md5: 6ec91a80ed7c235671a8b049a9a75611
      size: 73750
    - path: models/DecisionTree.pkl
      hash: md5
      md5: 183a23c0550182d83ed45ba0f3a9615c
      size: 2305
    - path: src/test_models/test_DT.py
      hash: md5
      md5: d20421702ee562c34abb2b8fafa5a847
      size: 1981
    params:
      config/parameters.yaml:
        base:
          random_state: 42
          test_size: 0.2
          root_project_dir: C:/ML_Labs/LB1_2_ML_Yakushev
        models.DecisionTree:
          random_state: 42
          max_depth: 9
          min_samples_split: 14
          min_samples_leaf: 15
          max_features:
          ccp_alpha: 0.00037332848919694817
          criterion: squared_error
          splitter: best
    outs:
    - path: dvclive/DecisionTree/metrics.json
      hash: md5
      md5: e8a5fdbc6d9764eb5a85b32cb4658ce9
      size: 169
    - path: dvclive/DecisionTree/plots
      hash: md5
      md5: bb47dfaa1ff276c7fa3c56670081d06c.dir
      size: 126
      nfiles: 4
  test_CatBoost:
    cmd: python src/test_models/test_CB.py
    deps:
    - path: data/EDA_processed/test_data.csv
      hash: md5
      md5: 6ec91a80ed7c235671a8b049a9a75611
      size: 73750
    - path: models/CatBoost.cbm
      hash: md5
      md5: abe8319f353280806f224b62e2407fac
      size: 1956888
    - path: src/test_models/test_CB.py
      hash: md5
      md5: a980cbe583cacffbdd8419c08696a465
      size: 1969
    params:
      config/parameters.yaml:
        base:
          random_state: 42
          test_size: 0.2
          root_project_dir: C:/ML_Labs/LB1_2_ML_Yakushev
        models.CatBoost:
          iterations: 800
          learning_rate: 0.04022222885366608
          depth: 6
          l2_leaf_reg: 0.000216797464861736
          border_count: 121
          random_strength: 0.26101610828931443
          bagging_temperature: 0.11999753068566878
          grow_policy: Depthwise
    outs:
    - path: dvclive/CatBoost/metrics.json
      hash: md5
      md5: aa0e8101891fb10413dcf10ae5b7d9c2
      size: 169
    - path: dvclive/CatBoost/plots
      hash: md5
      md5: 77d7e712e5bef5c6064febf682d8400d.dir
      size: 126
      nfiles: 4
  test_XGBoost:
    cmd: python src/test_models/test_XGB.py
    deps:
    - path: data/EDA_processed/test_data.csv
      hash: md5
      md5: 6ec91a80ed7c235671a8b049a9a75611
      size: 73750
    - path: models/XGBoost.json
      hash: md5
      md5: f9042498d7ae61c319d9caa6bac31cbc
      size: 4842795
    - path: src/test_models/test_XGB.py
      hash: md5
      md5: 20ac7d969edcb3e74dc6cbe8e2543a6d
      size: 1956
    params:
      config/parameters.yaml:
        base:
          random_state: 42
          test_size: 0.2
          root_project_dir: C:/ML_Labs/LB1_2_ML_Yakushev
        models.XGBoost:
          n_estimators: 950
          max_depth: 8
          learning_rate: 0.02254870392405559
          subsample: 0.7747887415078325
          colsample_bytree: 0.5684164328843179
          gamma: 4.4817944170608675e-05
          reg_alpha: 0.0023332773853300052
          reg_lambda: 0.0003025171812085329
          min_child_weight: 7
    outs:
    - path: dvclive/XGBoost/metrics.json
      hash: md5
      md5: 57a37b30ad2ffb80f3e7e53d1a676a8a
      size: 170
    - path: dvclive/XGBoost/plots
      hash: md5
      md5: 420532bacaaa68fa0659291b4b6d895d.dir
      size: 127
      nfiles: 4
  test_DenseNeuralNetwork:
    cmd: python src/test_models/test_DNN.py
    deps:
    - path: data/EDA_processed/test_data.csv
      hash: md5
      md5: 6ec91a80ed7c235671a8b049a9a75611
      size: 73750
    - path: models/DenseNeuralNetwork.keras
      hash: md5
      md5: 8ba7314c8ff8d2c2e2b96cce890f51c1
      size: 115485
    - path: src/test_models/test_DNN.py
      hash: md5
      md5: 6df0f85127345b78f1ca6757f3d36c25
      size: 1975
    params:
      config/parameters.yaml:
        base:
          random_state: 42
          test_size: 0.2
          root_project_dir: C:/ML_Labs/LB1_2_ML_Yakushev
        models.DenseNeuralNetwork:
          dataset_params:
            validation_split: 0.2
            random_state: 42
          model_params:
            dropout_rate: 0.0012244354030556855
            n_layers: 4
            units: 256
            preout_neurons: 14
            learning_rate: 0.0023838948926790528
            activation: tanh
            batch_size: 16
          train_params:
            epochs: 50
            verbose: 1
    outs:
    - path: dvclive/DenseNeuralNetwork/metrics.json
      hash: md5
      md5: 101d9fbda14898f306979206eba7b5e3
      size: 170
    - path: dvclive/DenseNeuralNetwork/plots
      hash: md5
      md5: ad28e417901a35f55e25478678338cc4.dir
      size: 127
      nfiles: 4
